lockfileVersion: '9.0'

settings:
  autoInstallPeers: true
  excludeLinksFromLockfile: false

importers:

  .:
    dependencies:
      '@11labs/client':
        specifier: ^0.1.4
        version: 0.1.4
      node-record-lpcm16:
        specifier: ^1.0.1
        version: 1.0.1

packages:

  '@11labs/client@0.1.4':
    resolution: {integrity: sha512-XxNl4GpNW9NYOD1P5apzZBpcNOP0Zu4goZu8Lud1iTIVkjv3fDp+hyurZoSTUdsik/TIeuxMgbd392M/EQgoKw==}

  debug@2.6.9:
    resolution: {integrity: sha512-bC7ElrdJaJnPbAP+1EotYvqZsb3ecl5wi6Bfi6BJTUcNowp6cvspg0jXznRTKDjm/E7AdgFBVeAPVMNcKGsHMA==}
    peerDependencies:
      supports-color: '*'
    peerDependenciesMeta:
      supports-color:
        optional: true

  ms@2.0.0:
    resolution: {integrity: sha512-Tpp60P6IUJDTuOq/5Z8cdskzJujfwqfOTkrwIwj7IRISpnkJnT6SyJ4PCPnGMoFjC9ddhal5KVIYtAt97ix05A==}

  node-record-lpcm16@1.0.1:
    resolution: {integrity: sha512-H75GMOP8ErnF67m21+qSgj4USnzv5RLfm7OkEItdIi+soNKoJZpMQPX6umM8Cn9nVPSgd/dBUtc1msst5MmABA==}

snapshots:

  '@11labs/client@0.1.4': {}

  debug@2.6.9:
    dependencies:
      ms: 2.0.0

  ms@2.0.0: {}

  node-record-lpcm16@1.0.1:
    dependencies:
      debug: 2.6.9
    transitivePeerDependencies:
      - supports-color
